
Microsoft Visual Studio Solution File, Format Version 12.00
# Visual Studio Version 17
VisualStudioVersion = 17.7.34221.43
MinimumVisualStudioVersion = 10.0.40219.1
Project("{FAE04EC0-301F-11D3-BF4B-00C04F79EFBC}") = "Delegates", "Delegates\Delegates.csproj", "{9792657B-92CB-4B00-832B-AB18901BDE68}"
EndProject
Project("{FAE04EC0-301F-11D3-BF4B-00C04F79EFBC}") = "Delegates2", "Delegates2\Delegates2.csproj", "{1E5C9C87-D3B6-473E-8C3D-6F48C4A8FC58}"
EndProject
Project("{FAE04EC0-301F-11D3-BF4B-00C04F79EFBC}") = "AnonymousMethod", "AnonymousMethod\AnonymousMethod.csproj", "{C98D9B0B-A76A-4DFC-B93B-14FCA49F5F99}"
EndProject
Project("{FAE04EC0-301F-11D3-BF4B-00C04F79EFBC}") = "BtnDelegate", "BtnDelegate\BtnDelegate.csproj", "{4F56FBD5-A514-4945-82CC-C4ABB6FD4F16}"
EndProject
Project("{FAE04EC0-301F-11D3-BF4B-00C04F79EFBC}") = "Lambda", "Lambda\Lambda.csproj", "{404104F4-3537-41F7-B7B6-54D6AB105AEE}"
EndProject
Project("{FAE04EC0-301F-11D3-BF4B-00C04F79EFBC}") = "GenericDelegates", "GenericDelegates\GenericDelegates.csproj", "{950581A8-013D-47FE-BE10-FFAD4F299E7B}"
EndProject
Global
	GlobalSection(SolutionConfigurationPlatforms) = preSolution
		Debug|Any CPU = Debug|Any CPU
		Release|Any CPU = Release|Any CPU
	EndGlobalSection
	GlobalSection(ProjectConfigurationPlatforms) = postSolution
		{9792657B-92CB-4B00-832B-AB18901BDE68}.Debug|Any CPU.ActiveCfg = Debug|Any CPU
		{9792657B-92CB-4B00-832B-AB18901BDE68}.Debug|Any CPU.Build.0 = Debug|Any CPU
		{9792657B-92CB-4B00-832B-AB18901BDE68}.Release|Any CPU.ActiveCfg = Release|Any CPU
		{9792657B-92CB-4B00-832B-AB18901BDE68}.Release|Any CPU.Build.0 = Release|Any CPU
		{1E5C9C87-D3B6-473E-8C3D-6F48C4A8FC58}.Debug|Any CPU.ActiveCfg = Debug|Any CPU
		{1E5C9C87-D3B6-473E-8C3D-6F48C4A8FC58}.Debug|Any CPU.Build.0 = Debug|Any CPU
		{1E5C9C87-D3B6-473E-8C3D-6F48C4A8FC58}.Release|Any CPU.ActiveCfg = Release|Any CPU
		{1E5C9C87-D3B6-473E-8C3D-6F48C4A8FC58}.Release|Any CPU.Build.0 = Release|Any CPU
		{C98D9B0B-A76A-4DFC-B93B-14FCA49F5F99}.Debug|Any CPU.ActiveCfg = Debug|Any CPU
		{C98D9B0B-A76A-4DFC-B93B-14FCA49F5F99}.Debug|Any CPU.Build.0 = Debug|Any CPU
		{C98D9B0B-A76A-4DFC-B93B-14FCA49F5F99}.Release|Any CPU.ActiveCfg = Release|Any CPU
		{C98D9B0B-A76A-4DFC-B93B-14FCA49F5F99}.Release|Any CPU.Build.0 = Release|Any CPU
		{4F56FBD5-A514-4945-82CC-C4ABB6FD4F16}.Debug|Any CPU.ActiveCfg = Debug|Any CPU
		{4F56FBD5-A514-4945-82CC-C4ABB6FD4F16}.Debug|Any CPU.Build.0 = Debug|Any CPU
		{4F56FBD5-A514-4945-82CC-C4ABB6FD4F16}.Release|Any CPU.ActiveCfg = Release|Any CPU
		{4F56FBD5-A514-4945-82CC-C4ABB6FD4F16}.Release|Any CPU.Build.0 = Release|Any CPU
		{404104F4-3537-41F7-B7B6-54D6AB105AEE}.Debug|Any CPU.ActiveCfg = Debug|Any CPU
		{404104F4-3537-41F7-B7B6-54D6AB105AEE}.Debug|Any CPU.Build.0 = Debug|Any CPU
		{404104F4-3537-41F7-B7B6-54D6AB105AEE}.Release|Any CPU.ActiveCfg = Release|Any CPU
		{404104F4-3537-41F7-B7B6-54D6AB105AEE}.Release|Any CPU.Build.0 = Release|Any CPU
		{950581A8-013D-47FE-BE10-FFAD4F299E7B}.Debug|Any CPU.ActiveCfg = Debug|Any CPU
		{950581A8-013D-47FE-BE10-FFAD4F299E7B}.Debug|Any CPU.Build.0 = Debug|Any CPU
		{950581A8-013D-47FE-BE10-FFAD4F299E7B}.Release|Any CPU.ActiveCfg = Release|Any CPU
		{950581A8-013D-47FE-BE10-FFAD4F299E7B}.Release|Any CPU.Build.0 = Release|Any CPU
	EndGlobalSection
	GlobalSection(SolutionProperties) = preSolution
		HideSolutionNode = FALSE
	EndGlobalSection
	GlobalSection(ExtensibilityGlobals) = postSolution
		SolutionGuid = {BC4ABB8E-7487-400A-8573-1B6E3D18AB64}
	EndGlobalSection
EndGlobal
